
Microsoft Visual Studio Solution File, Format Version 12.00
# Visual Studio Version 17
VisualStudioVersion = 17.7.34031.279
MinimumVisualStudioVersion = 10.0.40219.1
Project("{FAE04EC0-301F-11D3-BF4B-00C04F79EFBC}") = "34", "34\34.csproj", "{F4B1F641-F940-485A-913C-66616D266AA4}"
EndProject
Global
	GlobalSection(SolutionConfigurationPlatforms) = preSolution
		Debug|Any CPU = Debug|Any CPU
		Release|Any CPU = Release|Any CPU
	EndGlobalSection
	GlobalSection(ProjectConfigurationPlatforms) = postSolution
		{F4B1F641-F940-485A-913C-66616D266AA4}.Debug|Any CPU.ActiveCfg = Debug|Any CPU
		{F4B1F641-F940-485A-913C-66616D266AA4}.Debug|Any CPU.Build.0 = Debug|Any CPU
		{F4B1F641-F940-485A-913C-66616D266AA4}.Release|Any CPU.ActiveCfg = Release|Any CPU
		{F4B1F641-F940-485A-913C-66616D266AA4}.Release|Any CPU.Build.0 = Release|Any CPU
	EndGlobalSection
	GlobalSection(SolutionProperties) = preSolution
		HideSolutionNode = FALSE
	EndGlobalSection
	GlobalSection(ExtensibilityGlobals) = postSolution
		SolutionGuid = {6D4A04ED-0050-4390-8BE2-72E758B55375}
	EndGlobalSection
EndGlobal
