
Microsoft Visual Studio Solution File, Format Version 12.00
# Visual Studio Version 17
VisualStudioVersion = 17.7.34031.279
MinimumVisualStudioVersion = 10.0.40219.1
Project("{FAE04EC0-301F-11D3-BF4B-00C04F79EFBC}") = "4", "4\4.csproj", "{8EDE3892-70E2-4878-A03D-2B1CDD15447B}"
EndProject
Global
	GlobalSection(SolutionConfigurationPlatforms) = preSolution
		Debug|Any CPU = Debug|Any CPU
		Release|Any CPU = Release|Any CPU
	EndGlobalSection
	GlobalSection(ProjectConfigurationPlatforms) = postSolution
		{8EDE3892-70E2-4878-A03D-2B1CDD15447B}.Debug|Any CPU.ActiveCfg = Debug|Any CPU
		{8EDE3892-70E2-4878-A03D-2B1CDD15447B}.Debug|Any CPU.Build.0 = Debug|Any CPU
		{8EDE3892-70E2-4878-A03D-2B1CDD15447B}.Release|Any CPU.ActiveCfg = Release|Any CPU
		{8EDE3892-70E2-4878-A03D-2B1CDD15447B}.Release|Any CPU.Build.0 = Release|Any CPU
	EndGlobalSection
	GlobalSection(SolutionProperties) = preSolution
		HideSolutionNode = FALSE
	EndGlobalSection
	GlobalSection(ExtensibilityGlobals) = postSolution
		SolutionGuid = {3B438CBC-A2E5-4500-8A06-B89C54320D6C}
	EndGlobalSection
EndGlobal
