
Microsoft Visual Studio Solution File, Format Version 12.00
# Visual Studio Version 17
VisualStudioVersion = 17.7.34031.279
MinimumVisualStudioVersion = 10.0.40219.1
Project("{FAE04EC0-301F-11D3-BF4B-00C04F79EFBC}") = "D12-1.9", "D12-1.9\D12-1.9.csproj", "{391CE700-54B4-4014-A818-3E9B34E8F8A7}"
EndProject
Global
	GlobalSection(SolutionConfigurationPlatforms) = preSolution
		Debug|Any CPU = Debug|Any CPU
		Release|Any CPU = Release|Any CPU
	EndGlobalSection
	GlobalSection(ProjectConfigurationPlatforms) = postSolution
		{391CE700-54B4-4014-A818-3E9B34E8F8A7}.Debug|Any CPU.ActiveCfg = Debug|Any CPU
		{391CE700-54B4-4014-A818-3E9B34E8F8A7}.Debug|Any CPU.Build.0 = Debug|Any CPU
		{391CE700-54B4-4014-A818-3E9B34E8F8A7}.Release|Any CPU.ActiveCfg = Release|Any CPU
		{391CE700-54B4-4014-A818-3E9B34E8F8A7}.Release|Any CPU.Build.0 = Release|Any CPU
	EndGlobalSection
	GlobalSection(SolutionProperties) = preSolution
		HideSolutionNode = FALSE
	EndGlobalSection
	GlobalSection(ExtensibilityGlobals) = postSolution
		SolutionGuid = {27FC1210-A79F-4217-BAF5-1B553735AC7C}
	EndGlobalSection
EndGlobal
