
Microsoft Visual Studio Solution File, Format Version 12.00
# Visual Studio Version 17
VisualStudioVersion = 17.7.34031.279
MinimumVisualStudioVersion = 10.0.40219.1
Project("{FAE04EC0-301F-11D3-BF4B-00C04F79EFBC}") = "D21Blandat", "D21Blandat\D21Blandat.csproj", "{2FF0433D-8F41-4647-92B1-E1D5194F49DF}"
EndProject
Global
	GlobalSection(SolutionConfigurationPlatforms) = preSolution
		Debug|Any CPU = Debug|Any CPU
		Release|Any CPU = Release|Any CPU
	EndGlobalSection
	GlobalSection(ProjectConfigurationPlatforms) = postSolution
		{2FF0433D-8F41-4647-92B1-E1D5194F49DF}.Debug|Any CPU.ActiveCfg = Debug|Any CPU
		{2FF0433D-8F41-4647-92B1-E1D5194F49DF}.Debug|Any CPU.Build.0 = Debug|Any CPU
		{2FF0433D-8F41-4647-92B1-E1D5194F49DF}.Release|Any CPU.ActiveCfg = Release|Any CPU
		{2FF0433D-8F41-4647-92B1-E1D5194F49DF}.Release|Any CPU.Build.0 = Release|Any CPU
	EndGlobalSection
	GlobalSection(SolutionProperties) = preSolution
		HideSolutionNode = FALSE
	EndGlobalSection
	GlobalSection(ExtensibilityGlobals) = postSolution
		SolutionGuid = {F0C71185-965A-482E-9377-5248F32ECF34}
	EndGlobalSection
EndGlobal
