
Microsoft Visual Studio Solution File, Format Version 12.00
# Visual Studio Version 17
VisualStudioVersion = 17.7.34031.279
MinimumVisualStudioVersion = 10.0.40219.1
Project("{FAE04EC0-301F-11D3-BF4B-00C04F79EFBC}") = "Typecast", "Typecast\Typecast.csproj", "{06F5CBA9-1A1E-4D93-AC37-8F32E3AB3AF9}"
EndProject
Project("{FAE04EC0-301F-11D3-BF4B-00C04F79EFBC}") = "OK", "OK\OK.csproj", "{1EEAF3CF-CFCA-493B-9975-1B38373D1FD4}"
EndProject
Project("{FAE04EC0-301F-11D3-BF4B-00C04F79EFBC}") = "Loopar", "Loopar\Loopar.csproj", "{74873A94-171F-451F-94A1-650E85EFCFC3}"
EndProject
Global
	GlobalSection(SolutionConfigurationPlatforms) = preSolution
		Debug|Any CPU = Debug|Any CPU
		Release|Any CPU = Release|Any CPU
	EndGlobalSection
	GlobalSection(ProjectConfigurationPlatforms) = postSolution
		{06F5CBA9-1A1E-4D93-AC37-8F32E3AB3AF9}.Debug|Any CPU.ActiveCfg = Debug|Any CPU
		{06F5CBA9-1A1E-4D93-AC37-8F32E3AB3AF9}.Debug|Any CPU.Build.0 = Debug|Any CPU
		{06F5CBA9-1A1E-4D93-AC37-8F32E3AB3AF9}.Release|Any CPU.ActiveCfg = Release|Any CPU
		{06F5CBA9-1A1E-4D93-AC37-8F32E3AB3AF9}.Release|Any CPU.Build.0 = Release|Any CPU
		{1EEAF3CF-CFCA-493B-9975-1B38373D1FD4}.Debug|Any CPU.ActiveCfg = Debug|Any CPU
		{1EEAF3CF-CFCA-493B-9975-1B38373D1FD4}.Debug|Any CPU.Build.0 = Debug|Any CPU
		{1EEAF3CF-CFCA-493B-9975-1B38373D1FD4}.Release|Any CPU.ActiveCfg = Release|Any CPU
		{1EEAF3CF-CFCA-493B-9975-1B38373D1FD4}.Release|Any CPU.Build.0 = Release|Any CPU
		{74873A94-171F-451F-94A1-650E85EFCFC3}.Debug|Any CPU.ActiveCfg = Debug|Any CPU
		{74873A94-171F-451F-94A1-650E85EFCFC3}.Debug|Any CPU.Build.0 = Debug|Any CPU
		{74873A94-171F-451F-94A1-650E85EFCFC3}.Release|Any CPU.ActiveCfg = Release|Any CPU
		{74873A94-171F-451F-94A1-650E85EFCFC3}.Release|Any CPU.Build.0 = Release|Any CPU
	EndGlobalSection
	GlobalSection(SolutionProperties) = preSolution
		HideSolutionNode = FALSE
	EndGlobalSection
	GlobalSection(ExtensibilityGlobals) = postSolution
		SolutionGuid = {D4CBDF6B-FDA2-430E-84DD-3761A9CA7B86}
	EndGlobalSection
EndGlobal
