
Microsoft Visual Studio Solution File, Format Version 12.00
# Visual Studio Version 17
VisualStudioVersion = 17.7.34031.279
MinimumVisualStudioVersion = 10.0.40219.1
Project("{FAE04EC0-301F-11D3-BF4B-00C04F79EFBC}") = "D161", "D161\D161.csproj", "{435DE9EC-176B-411F-AE1D-59BD7E064640}"
EndProject
Global
	GlobalSection(SolutionConfigurationPlatforms) = preSolution
		Debug|Any CPU = Debug|Any CPU
		Release|Any CPU = Release|Any CPU
	EndGlobalSection
	GlobalSection(ProjectConfigurationPlatforms) = postSolution
		{435DE9EC-176B-411F-AE1D-59BD7E064640}.Debug|Any CPU.ActiveCfg = Debug|Any CPU
		{435DE9EC-176B-411F-AE1D-59BD7E064640}.Debug|Any CPU.Build.0 = Debug|Any CPU
		{435DE9EC-176B-411F-AE1D-59BD7E064640}.Release|Any CPU.ActiveCfg = Release|Any CPU
		{435DE9EC-176B-411F-AE1D-59BD7E064640}.Release|Any CPU.Build.0 = Release|Any CPU
	EndGlobalSection
	GlobalSection(SolutionProperties) = preSolution
		HideSolutionNode = FALSE
	EndGlobalSection
	GlobalSection(ExtensibilityGlobals) = postSolution
		SolutionGuid = {82122607-A661-4E44-9F76-2C2879AE15BD}
	EndGlobalSection
EndGlobal
