
Microsoft Visual Studio Solution File, Format Version 12.00
# Visual Studio Version 17
VisualStudioVersion = 17.7.34031.279
MinimumVisualStudioVersion = 10.0.40219.1
Project("{FAE04EC0-301F-11D3-BF4B-00C04F79EFBC}") = "26", "26\26.csproj", "{916B1401-D8C3-429D-BEA3-86D648F9CD93}"
EndProject
Global
	GlobalSection(SolutionConfigurationPlatforms) = preSolution
		Debug|Any CPU = Debug|Any CPU
		Release|Any CPU = Release|Any CPU
	EndGlobalSection
	GlobalSection(ProjectConfigurationPlatforms) = postSolution
		{916B1401-D8C3-429D-BEA3-86D648F9CD93}.Debug|Any CPU.ActiveCfg = Debug|Any CPU
		{916B1401-D8C3-429D-BEA3-86D648F9CD93}.Debug|Any CPU.Build.0 = Debug|Any CPU
		{916B1401-D8C3-429D-BEA3-86D648F9CD93}.Release|Any CPU.ActiveCfg = Release|Any CPU
		{916B1401-D8C3-429D-BEA3-86D648F9CD93}.Release|Any CPU.Build.0 = Release|Any CPU
	EndGlobalSection
	GlobalSection(SolutionProperties) = preSolution
		HideSolutionNode = FALSE
	EndGlobalSection
	GlobalSection(ExtensibilityGlobals) = postSolution
		SolutionGuid = {ABA7F393-95C1-47CA-AD62-BD222A267EAE}
	EndGlobalSection
EndGlobal
