
Microsoft Visual Studio Solution File, Format Version 12.00
# Visual Studio Version 17
VisualStudioVersion = 17.7.34031.279
MinimumVisualStudioVersion = 10.0.40219.1
Project("{FAE04EC0-301F-11D3-BF4B-00C04F79EFBC}") = "D11-1.3", "D11-1.3\D11-1.3.csproj", "{3BAC5646-7C70-4827-94AC-213AE94C8088}"
EndProject
Global
	GlobalSection(SolutionConfigurationPlatforms) = preSolution
		Debug|Any CPU = Debug|Any CPU
		Release|Any CPU = Release|Any CPU
	EndGlobalSection
	GlobalSection(ProjectConfigurationPlatforms) = postSolution
		{3BAC5646-7C70-4827-94AC-213AE94C8088}.Debug|Any CPU.ActiveCfg = Debug|Any CPU
		{3BAC5646-7C70-4827-94AC-213AE94C8088}.Debug|Any CPU.Build.0 = Debug|Any CPU
		{3BAC5646-7C70-4827-94AC-213AE94C8088}.Release|Any CPU.ActiveCfg = Release|Any CPU
		{3BAC5646-7C70-4827-94AC-213AE94C8088}.Release|Any CPU.Build.0 = Release|Any CPU
	EndGlobalSection
	GlobalSection(SolutionProperties) = preSolution
		HideSolutionNode = FALSE
	EndGlobalSection
	GlobalSection(ExtensibilityGlobals) = postSolution
		SolutionGuid = {B03E498B-E135-4819-B281-9E695851DBBA}
	EndGlobalSection
EndGlobal
