
Microsoft Visual Studio Solution File, Format Version 12.00
# Visual Studio Version 17
VisualStudioVersion = 17.7.34031.279
MinimumVisualStudioVersion = 10.0.40219.1
Project("{FAE04EC0-301F-11D3-BF4B-00C04F79EFBC}") = "D139", "D139\D139.csproj", "{DE0CB813-4F40-4B5D-B492-A0AB58F823A9}"
EndProject
Global
	GlobalSection(SolutionConfigurationPlatforms) = preSolution
		Debug|Any CPU = Debug|Any CPU
		Release|Any CPU = Release|Any CPU
	EndGlobalSection
	GlobalSection(ProjectConfigurationPlatforms) = postSolution
		{DE0CB813-4F40-4B5D-B492-A0AB58F823A9}.Debug|Any CPU.ActiveCfg = Debug|Any CPU
		{DE0CB813-4F40-4B5D-B492-A0AB58F823A9}.Debug|Any CPU.Build.0 = Debug|Any CPU
		{DE0CB813-4F40-4B5D-B492-A0AB58F823A9}.Release|Any CPU.ActiveCfg = Release|Any CPU
		{DE0CB813-4F40-4B5D-B492-A0AB58F823A9}.Release|Any CPU.Build.0 = Release|Any CPU
	EndGlobalSection
	GlobalSection(SolutionProperties) = preSolution
		HideSolutionNode = FALSE
	EndGlobalSection
	GlobalSection(ExtensibilityGlobals) = postSolution
		SolutionGuid = {65CB9E9F-6539-4166-8584-BCE58D943A1E}
	EndGlobalSection
EndGlobal
