
Microsoft Visual Studio Solution File, Format Version 12.00
# Visual Studio Version 17
VisualStudioVersion = 17.7.34031.279
MinimumVisualStudioVersion = 10.0.40219.1
Project("{FAE04EC0-301F-11D3-BF4B-00C04F79EFBC}") = "Exercise_02", "Exercise_02\Exercise_02.csproj", "{6132BC60-5C0F-46DB-BBAD-B992B1AC6ED3}"
EndProject
Global
	GlobalSection(SolutionConfigurationPlatforms) = preSolution
		Debug|Any CPU = Debug|Any CPU
		Release|Any CPU = Release|Any CPU
	EndGlobalSection
	GlobalSection(ProjectConfigurationPlatforms) = postSolution
		{6132BC60-5C0F-46DB-BBAD-B992B1AC6ED3}.Debug|Any CPU.ActiveCfg = Debug|Any CPU
		{6132BC60-5C0F-46DB-BBAD-B992B1AC6ED3}.Debug|Any CPU.Build.0 = Debug|Any CPU
		{6132BC60-5C0F-46DB-BBAD-B992B1AC6ED3}.Release|Any CPU.ActiveCfg = Release|Any CPU
		{6132BC60-5C0F-46DB-BBAD-B992B1AC6ED3}.Release|Any CPU.Build.0 = Release|Any CPU
	EndGlobalSection
	GlobalSection(SolutionProperties) = preSolution
		HideSolutionNode = FALSE
	EndGlobalSection
	GlobalSection(ExtensibilityGlobals) = postSolution
		SolutionGuid = {4F54BE6C-35CE-4802-B197-CDC72D1FE5FB}
	EndGlobalSection
EndGlobal
